
Microsoft Visual Studio Solution File, Format Version 12.00
# Visual Studio 15
VisualStudioVersion = 15.0.28307.572
MinimumVisualStudioVersion = 10.0.40219.1
Project("{FAE04EC0-301F-11D3-BF4B-00C04F79EFBC}") = "LandingPermission", "LandingPermission\LandingPermission.csproj", "{DE67DC89-805A-45BF-955C-098923E9CA75}"
EndProject
Global
	GlobalSection(SolutionConfigurationPlatforms) = preSolution
		Debug|x64 = Debug|x64
	EndGlobalSection
	GlobalSection(ProjectConfigurationPlatforms) = postSolution
		{DE67DC89-805A-45BF-955C-098923E9CA75}.Debug|x64.ActiveCfg = Debug|x64
		{DE67DC89-805A-45BF-955C-098923E9CA75}.Debug|x64.Build.0 = Debug|x64
	EndGlobalSection
	GlobalSection(SolutionProperties) = preSolution
		HideSolutionNode = FALSE
	EndGlobalSection
	GlobalSection(ExtensibilityGlobals) = postSolution
		SolutionGuid = {21BB1CFE-6C95-4572-BB77-6568E91AC8BC}
	EndGlobalSection
EndGlobal
