
Microsoft Visual Studio Solution File, Format Version 12.00
# Visual Studio 15
VisualStudioVersion = 15.0.28307.572
MinimumVisualStudioVersion = 10.0.40219.1
Project("{FAE04EC0-301F-11D3-BF4B-00C04F79EFBC}") = "SolarPanels", "SolarPanels\SolarPanels.csproj", "{052F288A-F560-4986-B3F7-13D45B9E4E22}"
EndProject
Global
	GlobalSection(SolutionConfigurationPlatforms) = preSolution
		Debug|x64 = Debug|x64
	EndGlobalSection
	GlobalSection(ProjectConfigurationPlatforms) = postSolution
		{052F288A-F560-4986-B3F7-13D45B9E4E22}.Debug|x64.ActiveCfg = Debug|x64
		{052F288A-F560-4986-B3F7-13D45B9E4E22}.Debug|x64.Build.0 = Debug|x64
	EndGlobalSection
	GlobalSection(SolutionProperties) = preSolution
		HideSolutionNode = FALSE
	EndGlobalSection
	GlobalSection(ExtensibilityGlobals) = postSolution
		SolutionGuid = {10330B1A-3F30-42CD-B7AE-DCD90FAEDBBB}
	EndGlobalSection
EndGlobal
